
Microsoft Visual Studio Solution File, Format Version 12.00
# Visual Studio Version 16
VisualStudioVersion = 16.0.29102.190
MinimumVisualStudioVersion = 10.0.40219.1
Project("{FAE04EC0-301F-11D3-BF4B-00C04F79EFBC}") = "SVGSystemCSharp", "SVGSystemCSharp\SVGSystemCSharp.csproj", "{3CD3A416-222F-426F-A845-FAFAD34CE858}"
EndProject
Global
	GlobalSection(SolutionConfigurationPlatforms) = preSolution
		Debug|Any CPU = Debug|Any CPU
		Release|Any CPU = Release|Any CPU
	EndGlobalSection
	GlobalSection(ProjectConfigurationPlatforms) = postSolution
		{3CD3A416-222F-426F-A845-FAFAD34CE858}.Debug|Any CPU.ActiveCfg = Debug|Any CPU
		{3CD3A416-222F-426F-A845-FAFAD34CE858}.Debug|Any CPU.Build.0 = Debug|Any CPU
		{3CD3A416-222F-426F-A845-FAFAD34CE858}.Release|Any CPU.ActiveCfg = Release|Any CPU
		{3CD3A416-222F-426F-A845-FAFAD34CE858}.Release|Any CPU.Build.0 = Release|Any CPU
	EndGlobalSection
	GlobalSection(SolutionProperties) = preSolution
		HideSolutionNode = FALSE
	EndGlobalSection
	GlobalSection(ExtensibilityGlobals) = postSolution
		SolutionGuid = {6281DA8C-0899-49E6-B34D-F6CB504BE380}
	EndGlobalSection
EndGlobal
